# Generated by pub
# See https://dart.dev/tools/pub/glossary#lockfile
packages:
  alien_signals:
    dependency: "direct main"
    description:
      name: alien_signals
      sha256: "9943377b95c2f5dfa62dd440c36cb8f730b85d5fd7e8f1bb3782e2543a936bbd"
      url: "https://pub.dev"
    source: hosted
    version: "1.0.0"
  reactivity_benchmark:
    dependency: "direct main"
    description:
      path: "../.."
      relative: true
    source: path
    version: "0.0.1"
sdks:
  dart: ">=3.6.0 <4.0.0"
