# Generated by pub
# See https://dart.dev/tools/pub/glossary#lockfile
packages:
  alien_signals:
    dependency: "direct main"
    description:
      name: alien_signals
      sha256: "9fd1d7fe8d869f8d3645ea8800a2f3d1102f488b5d8cead7ab1a94fd871dedde"
      url: "https://pub.dev"
    source: hosted
    version: "2.0.0-beta.3"
  reactivity_benchmark:
    dependency: "direct main"
    description:
      path: "../.."
      relative: true
    source: path
    version: "0.0.1"
sdks:
  dart: ">=3.6.0 <4.0.0"
