# Generated by pub
# See https://dart.dev/tools/pub/glossary#lockfile
packages:
  alien_signals:
    dependency: "direct main"
    description:
      name: alien_signals
      sha256: "08491dce8f811089ed0bbafb9e09b239dd32afd209d6e496ff71fb0cf4855271"
      url: "https://pub.dev"
    source: hosted
    version: "0.4.0"
  reactivity_benchmark:
    dependency: "direct main"
    description:
      path: "../.."
      relative: true
    source: path
    version: "0.0.1"
sdks:
  dart: ">=3.6.0 <4.0.0"
