# Generated by pub
# See https://dart.dev/tools/pub/glossary#lockfile
packages:
  alien_signals:
    dependency: "direct main"
    description:
      name: alien_signals
      sha256: "031a77bdff2a3217087c26d8b5d78207719bbc0a63e4199709a9bad5d691257c"
      url: "https://pub.dev"
    source: hosted
    version: "0.4.2"
  reactivity_benchmark:
    dependency: "direct main"
    description:
      path: "../.."
      relative: true
    source: path
    version: "0.0.1"
sdks:
  dart: ">=3.6.0 <4.0.0"
