# Generated by pub
# See https://dart.dev/tools/pub/glossary#lockfile
packages:
  alien_signals:
    dependency: "direct main"
    description:
      name: alien_signals
      sha256: "4e69390450cf316f7725618884b39ff0d772a29074e042f6c4ad4cce3fa1a5e1"
      url: "https://pub.dev"
    source: hosted
    version: "1.0.3"
  reactivity_benchmark:
    dependency: "direct main"
    description:
      path: "../.."
      relative: true
    source: path
    version: "0.0.1"
sdks:
  dart: ">=3.6.0 <4.0.0"
