# Generated by pub
# See https://dart.dev/tools/pub/glossary#lockfile
packages:
  meta:
    dependency: transitive
    description:
      name: meta
      sha256: e3641ec5d63ebf0d9b41bd43201a66e3fc79a65db5f61fc181f04cd27aab950c
      url: "https://pub.dev"
    source: hosted
    version: "1.16.0"
  preact_signals:
    dependency: transitive
    description:
      name: preact_signals
      sha256: "8bf3cec7fe784d224f1a1132ae7b2f9f3852609046ccb71c4f450a13dd811abf"
      url: "https://pub.dev"
    source: hosted
    version: "1.9.3"
  reactivity_benchmark:
    dependency: "direct main"
    description:
      path: "../.."
      relative: true
    source: path
    version: "0.0.1"
  signals_core:
    dependency: "direct main"
    description:
      name: signals_core
      sha256: "10e527cda3c400703e4156da16aeaea274644ecb7db11abeec7dc7cc9bec9abd"
      url: "https://pub.dev"
    source: hosted
    version: "6.2.0"
sdks:
  dart: ">=3.6.0 <4.0.0"
