# Generated by pub
# See https://dart.dev/tools/pub/glossary#lockfile
packages:
  meta:
    dependency: transitive
    description:
      name: meta
      sha256: e3641ec5d63ebf0d9b41bd43201a66e3fc79a65db5f61fc181f04cd27aab950c
      url: "https://pub.dev"
    source: hosted
    version: "1.16.0"
  preact_signals:
    dependency: transitive
    description:
      name: preact_signals
      sha256: a5b445796a02244b85fa43d79a7030fbfbbb08f7c48277ee93c636140a8fb2e0
      url: "https://pub.dev"
    source: hosted
    version: "1.8.3"
  reactivity_benchmark:
    dependency: "direct main"
    description:
      path: "../.."
      relative: true
    source: path
    version: "0.0.1"
  signals_core:
    dependency: "direct main"
    description:
      name: signals_core
      sha256: "5668ff1fb953fe48c88b03d50d43c5fe128cd7c831b932a4157f5f6be868b80f"
      url: "https://pub.dev"
    source: hosted
    version: "6.0.2"
sdks:
  dart: ">=3.6.0 <4.0.0"
