# Generated by pub
# See https://dart.dev/tools/pub/glossary#lockfile
packages:
  alien_signals:
    dependency: "direct main"
    description:
      name: alien_signals
      sha256: cfaf14d735e0d106d7953e8133909d74aee8a81481fe92c534a508157e6b1176
      url: "https://pub.dev"
    source: hosted
    version: "0.4.3-without-inline"
  reactivity_benchmark:
    dependency: "direct main"
    description:
      path: "../.."
      relative: true
    source: path
    version: "0.0.1"
sdks:
  dart: ">=3.6.0 <4.0.0"
