# Generated by pub
# See https://dart.dev/tools/pub/glossary#lockfile
packages:
  alien_signals:
    dependency: "direct main"
    description:
      name: alien_signals
      sha256: "80d636d3570d06dbf7c05a2a4950e1d077bf347eb9cbe1bd4373e7d8d9a509b4"
      url: "https://pub.dev"
    source: hosted
    version: "0.5.0-pre.2"
  reactivity_benchmark:
    dependency: "direct main"
    description:
      path: "../.."
      relative: true
    source: path
    version: "0.0.1"
sdks:
  dart: ">=3.6.0 <4.0.0"
