# Generated by pub
# See https://dart.dev/tools/pub/glossary#lockfile
packages:
  alien_signals:
    dependency: transitive
    description:
      name: alien_signals
      sha256: f76d6e0bd59d2fa8a6ecbff8f784f04f784068fb70886ec0e21e1280624cd9d7
      url: "https://pub.dev"
    source: hosted
    version: "0.2.4"
  collection:
    dependency: transitive
    description:
      name: collection
      sha256: "2f5709ae4d3d59dd8f7cd309b4e023046b57d8a6c82130785d2b0e5868084e76"
      url: "https://pub.dev"
    source: hosted
    version: "1.19.1"
  meta:
    dependency: transitive
    description:
      name: meta
      sha256: e3641ec5d63ebf0d9b41bd43201a66e3fc79a65db5f61fc181f04cd27aab950c
      url: "https://pub.dev"
    source: hosted
    version: "1.16.0"
  reactivity_benchmark:
    dependency: "direct main"
    description:
      path: "../.."
      relative: true
    source: path
    version: "0.0.1"
  solidart:
    dependency: "direct main"
    description:
      name: solidart
      sha256: "74c2de5f1a4b0270462e6b383e9a8589cb9436138117d693d3904db8d9a656b5"
      url: "https://pub.dev"
    source: hosted
    version: "2.0.1"
sdks:
  dart: ">=3.6.0 <4.0.0"
